
Microsoft Visual Studio Solution File, Format Version 12.00
# Visual Studio Version 16
VisualStudioVersion = 16.0.31702.278
MinimumVisualStudioVersion = 10.0.40219.1
Project("{9A19103F-16F7-4668-BE54-9A1E7A4F7556}") = "HexBlock", "HexBlock.csproj", "{1EFB0B05-B275-4C15-AC6C-D0BD19E8AE20}"
EndProject
Global
	GlobalSection(SolutionConfigurationPlatforms) = preSolution
		Build|Any CPU = Build|Any CPU
		Debug|Any CPU = Debug|Any CPU
		Release|Any CPU = Release|Any CPU
	EndGlobalSection
	GlobalSection(ProjectConfigurationPlatforms) = postSolution
		{1EFB0B05-B275-4C15-AC6C-D0BD19E8AE20}.Build|Any CPU.ActiveCfg = Build|Any CPU
		{1EFB0B05-B275-4C15-AC6C-D0BD19E8AE20}.Build|Any CPU.Build.0 = Build|Any CPU
		{1EFB0B05-B275-4C15-AC6C-D0BD19E8AE20}.Debug|Any CPU.ActiveCfg = Debug|Any CPU
		{1EFB0B05-B275-4C15-AC6C-D0BD19E8AE20}.Debug|Any CPU.Build.0 = Debug|Any CPU
		{1EFB0B05-B275-4C15-AC6C-D0BD19E8AE20}.Release|Any CPU.ActiveCfg = Release|Any CPU
		{1EFB0B05-B275-4C15-AC6C-D0BD19E8AE20}.Release|Any CPU.Build.0 = Release|Any CPU
	EndGlobalSection
	GlobalSection(SolutionProperties) = preSolution
		HideSolutionNode = FALSE
	EndGlobalSection
	GlobalSection(ExtensibilityGlobals) = postSolution
		SolutionGuid = {A424E5C0-B55D-4BB2-99AD-F31C6552D240}
	EndGlobalSection
EndGlobal
