
Microsoft Visual Studio Solution File, Format Version 12.00
# Visual Studio Version 16
VisualStudioVersion = 16.0.31702.278
MinimumVisualStudioVersion = 10.0.40219.1
Project("{FAE04EC0-301F-11D3-BF4B-00C04F79EFBC}") = "HexBloc", "HexBloc\HexBloc.csproj", "{1EFB0B05-B275-4C15-AC6C-D0BD19E8AE20}"
EndProject
Global
	GlobalSection(SolutionConfigurationPlatforms) = preSolution
		Debug|Any CPU = Debug|Any CPU
		Release|Any CPU = Release|Any CPU
	EndGlobalSection
	GlobalSection(ProjectConfigurationPlatforms) = postSolution
		{1EFB0B05-B275-4C15-AC6C-D0BD19E8AE20}.Debug|Any CPU.ActiveCfg = Debug|Any CPU
		{1EFB0B05-B275-4C15-AC6C-D0BD19E8AE20}.Debug|Any CPU.Build.0 = Debug|Any CPU
		{1EFB0B05-B275-4C15-AC6C-D0BD19E8AE20}.Release|Any CPU.ActiveCfg = Release|Any CPU
		{1EFB0B05-B275-4C15-AC6C-D0BD19E8AE20}.Release|Any CPU.Build.0 = Release|Any CPU
	EndGlobalSection
	GlobalSection(SolutionProperties) = preSolution
		HideSolutionNode = FALSE
	EndGlobalSection
	GlobalSection(ExtensibilityGlobals) = postSolution
		SolutionGuid = {A424E5C0-B55D-4BB2-99AD-F31C6552D240}
	EndGlobalSection
EndGlobal
